
Microsoft Visual Studio Solution File, Format Version 12.00
# Visual Studio Version 17
VisualStudioVersion = 17.14.36518.9 d17.14
MinimumVisualStudioVersion = 10.0.40219.1
Project("{FAE04EC0-301F-11D3-BF4B-00C04F79EFBC}") = "SelfRestaurant", "SelfRestaurant\SelfRestaurant.csproj", "{B30174DD-7FA0-4134-B915-B19E44BF049C}"
EndProject
Global
	GlobalSection(SolutionConfigurationPlatforms) = preSolution
		Debug|Any CPU = Debug|Any CPU
		Release|Any CPU = Release|Any CPU
	EndGlobalSection
	GlobalSection(ProjectConfigurationPlatforms) = postSolution
		{B30174DD-7FA0-4134-B915-B19E44BF049C}.Debug|Any CPU.ActiveCfg = Debug|Any CPU
		{B30174DD-7FA0-4134-B915-B19E44BF049C}.Debug|Any CPU.Build.0 = Debug|Any CPU
		{B30174DD-7FA0-4134-B915-B19E44BF049C}.Release|Any CPU.ActiveCfg = Release|Any CPU
		{B30174DD-7FA0-4134-B915-B19E44BF049C}.Release|Any CPU.Build.0 = Release|Any CPU
	EndGlobalSection
	GlobalSection(SolutionProperties) = preSolution
		HideSolutionNode = FALSE
	EndGlobalSection
	GlobalSection(ExtensibilityGlobals) = postSolution
		SolutionGuid = {2F51A465-6032-4E91-89FE-D745B7A87D1F}
	EndGlobalSection
EndGlobal
